# THIS IS AN AUTOGENERATED FILE. DO NOT EDIT THIS FILE DIRECTLY.
# yarn lockfile v1


create-coc-extension@^0.7.0:
  version "0.7.0"
  resolved "https://registry.yarnpkg.com/create-coc-extension/-/create-coc-extension-0.7.0.tgz#f98ae60e52d68880e3b047df3ba8bcc37670bba9"
  integrity sha512-EWL0u93wRHRpMJFGmQwh8hJrfHJP+gOs+QNEZIJHgeKcrr/8S4w9dM6uSEi0w+Bjla3wRD+FZIuCXLdc/O6MCw==
